
Microsoft Visual Studio Solution File, Format Version 12.00
# Visual Studio 15
VisualStudioVersion = 15.0.28307.1321
MinimumVisualStudioVersion = 10.0.40219.1
Project("{FAE04EC0-301F-11D3-BF4B-00C04F79EFBC}") = "WebApplicationCompany", "WebApplicationCompany\WebApplicationCompany.csproj", "{51483871-1FF6-4C1C-90ED-C187C3BDA21C}"
EndProject
Global
	GlobalSection(SolutionConfigurationPlatforms) = preSolution
		Debug|Any CPU = Debug|Any CPU
		Release|Any CPU = Release|Any CPU
	EndGlobalSection
	GlobalSection(ProjectConfigurationPlatforms) = postSolution
		{51483871-1FF6-4C1C-90ED-C187C3BDA21C}.Debug|Any CPU.ActiveCfg = Debug|Any CPU
		{51483871-1FF6-4C1C-90ED-C187C3BDA21C}.Debug|Any CPU.Build.0 = Debug|Any CPU
		{51483871-1FF6-4C1C-90ED-C187C3BDA21C}.Release|Any CPU.ActiveCfg = Release|Any CPU
		{51483871-1FF6-4C1C-90ED-C187C3BDA21C}.Release|Any CPU.Build.0 = Release|Any CPU
	EndGlobalSection
	GlobalSection(SolutionProperties) = preSolution
		HideSolutionNode = FALSE
	EndGlobalSection
	GlobalSection(ExtensibilityGlobals) = postSolution
		SolutionGuid = {D703C6D7-3063-4E4D-B4B2-14BB3E6800A8}
	EndGlobalSection
EndGlobal
